
Microsoft Visual Studio Solution File, Format Version 12.00
# Visual Studio Version 16
VisualStudioVersion = 16.0.29020.237
MinimumVisualStudioVersion = 10.0.40219.1
Project("{FAE04EC0-301F-11D3-BF4B-00C04F79EFBC}") = "PRBSExcitation", "PRBSExcitation\PRBSExcitation.csproj", "{C1C4084C-550F-44CF-8237-F81B3951BC47}"
EndProject
Global
	GlobalSection(SolutionConfigurationPlatforms) = preSolution
		Debug|Any CPU = Debug|Any CPU
		Release|Any CPU = Release|Any CPU
	EndGlobalSection
	GlobalSection(ProjectConfigurationPlatforms) = postSolution
		{C1C4084C-550F-44CF-8237-F81B3951BC47}.Debug|Any CPU.ActiveCfg = Debug|Any CPU
		{C1C4084C-550F-44CF-8237-F81B3951BC47}.Debug|Any CPU.Build.0 = Debug|Any CPU
		{C1C4084C-550F-44CF-8237-F81B3951BC47}.Release|Any CPU.ActiveCfg = Release|Any CPU
		{C1C4084C-550F-44CF-8237-F81B3951BC47}.Release|Any CPU.Build.0 = Release|Any CPU
	EndGlobalSection
	GlobalSection(SolutionProperties) = preSolution
		HideSolutionNode = FALSE
	EndGlobalSection
	GlobalSection(ExtensibilityGlobals) = postSolution
		SolutionGuid = {BF82E81A-E148-4351-B647-18A2595B4205}
	EndGlobalSection
EndGlobal
